
Microsoft Visual Studio Solution File, Format Version 12.00
# Visual Studio Version 17
VisualStudioVersion = 17.8.34601.278
MinimumVisualStudioVersion = 10.0.40219.1
Project("{FAE04EC0-301F-11D3-BF4B-00C04F79EFBC}") = "monopoly.Server", "monopoly.Server\monopoly.Server.csproj", "{398A0FC8-200D-439A-A4AD-6BF87199722A}"
EndProject
Project("{54A90642-561A-4BB1-A94E-469ADEE60C69}") = "monopoly.client", "monopoly.client\monopoly.client.esproj", "{3045FE38-8FCF-4770-9EA8-F2BB44DF8E39}"
EndProject
Global
	GlobalSection(SolutionConfigurationPlatforms) = preSolution
		Debug|Any CPU = Debug|Any CPU
		Release|Any CPU = Release|Any CPU
	EndGlobalSection
	GlobalSection(ProjectConfigurationPlatforms) = postSolution
		{398A0FC8-200D-439A-A4AD-6BF87199722A}.Debug|Any CPU.ActiveCfg = Debug|Any CPU
		{398A0FC8-200D-439A-A4AD-6BF87199722A}.Debug|Any CPU.Build.0 = Debug|Any CPU
		{398A0FC8-200D-439A-A4AD-6BF87199722A}.Release|Any CPU.ActiveCfg = Release|Any CPU
		{398A0FC8-200D-439A-A4AD-6BF87199722A}.Release|Any CPU.Build.0 = Release|Any CPU
		{3045FE38-8FCF-4770-9EA8-F2BB44DF8E39}.Debug|Any CPU.ActiveCfg = Debug|Any CPU
		{3045FE38-8FCF-4770-9EA8-F2BB44DF8E39}.Debug|Any CPU.Build.0 = Debug|Any CPU
		{3045FE38-8FCF-4770-9EA8-F2BB44DF8E39}.Debug|Any CPU.Deploy.0 = Debug|Any CPU
		{3045FE38-8FCF-4770-9EA8-F2BB44DF8E39}.Release|Any CPU.ActiveCfg = Release|Any CPU
		{3045FE38-8FCF-4770-9EA8-F2BB44DF8E39}.Release|Any CPU.Build.0 = Release|Any CPU
		{3045FE38-8FCF-4770-9EA8-F2BB44DF8E39}.Release|Any CPU.Deploy.0 = Release|Any CPU
	EndGlobalSection
	GlobalSection(SolutionProperties) = preSolution
		HideSolutionNode = FALSE
	EndGlobalSection
	GlobalSection(ExtensibilityGlobals) = postSolution
		SolutionGuid = {0AB9FC71-489B-45B8-BA83-EF1FAD2E0AE6}
	EndGlobalSection
EndGlobal
